// !$*UTF8*$!
{
	archiveVersion = 1;
	classes = {
	};
	objectVersion = 56;
	objects = {

/* Begin PBXBuildFile section */
		5C0B04C72B98EE20007D887C /* Notenkasten.swift in Sources */ = {isa = PBXBuildFile; fileRef = 5C0B04C62B98EE20007D887C /* Notenkasten.swift */; };
		5C2020132B90CF06001E72B6 /* Grades_v4App.swift in Sources */ = {isa = PBXBuildFile; fileRef = 5C2020122B90CF06001E72B6 /* Grades_v4App.swift */; };
		5C2020152B90CF06001E72B6 /* ContentView.swift in Sources */ = {isa = PBXBuildFile; fileRef = 5C2020142B90CF06001E72B6 /* ContentView.swift */; };
		5C2020172B90CF07001E72B6 /* Assets.xcassets in Resources */ = {isa = PBXBuildFile; fileRef = 5C2020162B90CF07001E72B6 /* Assets.xcassets */; };
		5C20201A2B90CF07001E72B6 /* Preview Assets.xcassets in Resources */ = {isa = PBXBuildFile; fileRef = 5C2020192B90CF07001E72B6 /* Preview Assets.xcassets */; };
		5C4E1E2B2B9B502D00BBF09B /* addfileview.swift in Sources */ = {isa = PBXBuildFile; fileRef = 5C4E1E2A2B9B502D00BBF09B /* addfileview.swift */; };
		5CC396CD2B93517C00A1CBA4 /* Fachkachel.swift in Sources */ = {isa = PBXBuildFile; fileRef = 5CC396CC2B93517C00A1CBA4 /* Fachkachel.swift */; };
		5CC396D32B960AC100A1CBA4 /* Wrapper.swift in Sources */ = {isa = PBXBuildFile; fileRef = 5CC396D22B960AC100A1CBA4 /* Wrapper.swift */; };
		5CC396D52B960B6A00A1CBA4 /* FachView.swift in Sources */ = {isa = PBXBuildFile; fileRef = 5CC396D42B960B6A00A1CBA4 /* FachView.swift */; };
		643C0C212B935F7E00FCAE93 /* File.swift in Sources */ = {isa = PBXBuildFile; fileRef = 643C0C202B935F7E00FCAE93 /* File.swift */; };
		64B93B712BA60FAF00569949 /* startsreen.swift in Sources */ = {isa = PBXBuildFile; fileRef = 64B93B702BA60FAF00569949 /* startsreen.swift */; };
		64B93B732BA6118200569949 /* schuljahr.swift in Sources */ = {isa = PBXBuildFile; fileRef = 64B93B722BA6118200569949 /* schuljahr.swift */; };
		64B93B7B2BA86DC800569949 /* addschuljarviwe.swift in Sources */ = {isa = PBXBuildFile; fileRef = 64B93B7A2BA86DC800569949 /* addschuljarviwe.swift */; };
/* End PBXBuildFile section */

/* Begin PBXFileReference section */
		5C0B04C62B98EE20007D887C /* Notenkasten.swift */ = {isa = PBXFileReference; lastKnownFileType = sourcecode.swift; path = Notenkasten.swift; sourceTree = "<group>"; };
		5C20200F2B90CF06001E72B6 /* Grades_v4.app */ = {isa = PBXFileReference; explicitFileType = wrapper.application; includeInIndex = 0; path = Grades_v4.app; sourceTree = BUILT_PRODUCTS_DIR; };
		5C2020122B90CF06001E72B6 /* Grades_v4App.swift */ = {isa = PBXFileReference; lastKnownFileType = sourcecode.swift; path = Grades_v4App.swift; sourceTree = "<group>"; };
		5C2020142B90CF06001E72B6 /* ContentView.swift */ = {isa = PBXFileReference; lastKnownFileType = sourcecode.swift; path = ContentView.swift; sourceTree = "<group>"; };
		5C2020162B90CF07001E72B6 /* Assets.xcassets */ = {isa = PBXFileReference; lastKnownFileType = folder.assetcatalog; path = Assets.xcassets; sourceTree = "<group>"; };
		5C2020192B90CF07001E72B6 /* Preview Assets.xcassets */ = {isa = PBXFileReference; lastKnownFileType = folder.assetcatalog; path = "Preview Assets.xcassets"; sourceTree = "<group>"; };
		5C4E1E2A2B9B502D00BBF09B /* addfileview.swift */ = {isa = PBXFileReference; lastKnownFileType = sourcecode.swift; path = addfileview.swift; sourceTree = "<group>"; };
		5CC396CC2B93517C00A1CBA4 /* Fachkachel.swift */ = {isa = PBXFileReference; lastKnownFileType = sourcecode.swift; path = Fachkachel.swift; sourceTree = "<group>"; };
		5CC396D22B960AC100A1CBA4 /* Wrapper.swift */ = {isa = PBXFileReference; lastKnownFileType = sourcecode.swift; path = Wrapper.swift; sourceTree = "<group>"; };
		5CC396D42B960B6A00A1CBA4 /* FachView.swift */ = {isa = PBXFileReference; lastKnownFileType = sourcecode.swift; path = FachView.swift; sourceTree = "<group>"; };
		643C0C202B935F7E00FCAE93 /* File.swift */ = {isa = PBXFileReference; lastKnownFileType = sourcecode.swift; path = File.swift; sourceTree = "<group>"; };
		64B93B702BA60FAF00569949 /* startsreen.swift */ = {isa = PBXFileReference; lastKnownFileType = sourcecode.swift; path = startsreen.swift; sourceTree = "<group>"; };
		64B93B722BA6118200569949 /* schuljahr.swift */ = {isa = PBXFileReference; lastKnownFileType = sourcecode.swift; path = schuljahr.swift; sourceTree = "<group>"; };
		64B93B7A2BA86DC800569949 /* addschuljarviwe.swift */ = {isa = PBXFileReference; lastKnownFileType = sourcecode.swift; path = addschuljarviwe.swift; sourceTree = "<group>"; };
/* End PBXFileReference section */

/* Begin PBXFrameworksBuildPhase section */
		5C20200C2B90CF06001E72B6 /* Frameworks */ = {
			isa = PBXFrameworksBuildPhase;
			buildActionMask = 2147483647;
			files = (
			);
			runOnlyForDeploymentPostprocessing = 0;
		};
/* End PBXFrameworksBuildPhase section */

/* Begin PBXGroup section */
		5C2020062B90CF06001E72B6 = {
			isa = PBXGroup;
			children = (
				5C2020112B90CF06001E72B6 /* Grades_v4 */,
				5C2020102B90CF06001E72B6 /* Products */,
			);
			sourceTree = "<group>";
		};
		5C2020102B90CF06001E72B6 /* Products */ = {
			isa = PBXGroup;
			children = (
				5C20200F2B90CF06001E72B6 /* Grades_v4.app */,
			);
			name = Products;
			sourceTree = "<group>";
		};
		5C2020112B90CF06001E72B6 /* Grades_v4 */ = {
			isa = PBXGroup;
			children = (
				5C2020122B90CF06001E72B6 /* Grades_v4App.swift */,
				5C2020142B90CF06001E72B6 /* ContentView.swift */,
				5C2020162B90CF07001E72B6 /* Assets.xcassets */,
				5C2020182B90CF07001E72B6 /* Preview Content */,
				5CC396CC2B93517C00A1CBA4 /* Fachkachel.swift */,
				643C0C202B935F7E00FCAE93 /* File.swift */,
				5CC396D22B960AC100A1CBA4 /* Wrapper.swift */,
				5C0B04C62B98EE20007D887C /* Notenkasten.swift */,
				5CC396D42B960B6A00A1CBA4 /* FachView.swift */,
				5C4E1E2A2B9B502D00BBF09B /* addfileview.swift */,
				64B93B702BA60FAF00569949 /* startsreen.swift */,
				64B93B722BA6118200569949 /* schuljahr.swift */,
				64B93B7A2BA86DC800569949 /* addschuljarviwe.swift */,
			);
			path = Grades_v4;
			sourceTree = "<group>";
		};
		5C2020182B90CF07001E72B6 /* Preview Content */ = {
			isa = PBXGroup;
			children = (
				5C2020192B90CF07001E72B6 /* Preview Assets.xcassets */,
			);
			path = "Preview Content";
			sourceTree = "<group>";
		};
/* End PBXGroup section */

/* Begin PBXNativeTarget section */
		5C20200E2B90CF06001E72B6 /* Grades_v4 */ = {
			isa = PBXNativeTarget;
			buildConfigurationList = 5C20201D2B90CF07001E72B6 /* Build configuration list for PBXNativeTarget "Grades_v4" */;
			buildPhases = (
				5C20200B2B90CF06001E72B6 /* Sources */,
				5C20200C2B90CF06001E72B6 /* Frameworks */,
				5C20200D2B90CF06001E72B6 /* Resources */,
			);
			buildRules = (
			);
			dependencies = (
			);
			name = Grades_v4;
			productName = Grades_v4;
			productReference = 5C20200F2B90CF06001E72B6 /* Grades_v4.app */;
			productType = "com.apple.product-type.application";
		};
/* End PBXNativeTarget section */

/* Begin PBXProject section */
		5C2020072B90CF06001E72B6 /* Project object */ = {
			isa = PBXProject;
			attributes = {
				BuildIndependentTargetsInParallel = 1;
				LastSwiftUpdateCheck = 1430;
				LastUpgradeCheck = 1430;
				TargetAttributes = {
					5C20200E2B90CF06001E72B6 = {
						CreatedOnToolsVersion = 14.3.1;
					};
				};
			};
			buildConfigurationList = 5C20200A2B90CF06001E72B6 /* Build configuration list for PBXProject "Grades_v4" */;
			compatibilityVersion = "Xcode 14.0";
			developmentRegion = en;
			hasScannedForEncodings = 0;
			knownRegions = (
				en,
				Base,
			);
			mainGroup = 5C2020062B90CF06001E72B6;
			productRefGroup = 5C2020102B90CF06001E72B6 /* Products */;
			projectDirPath = "";
			projectRoot = "";
			targets = (
				5C20200E2B90CF06001E72B6 /* Grades_v4 */,
			);
		};
/* End PBXProject section */

/* Begin PBXResourcesBuildPhase section */
		5C20200D2B90CF06001E72B6 /* Resources */ = {
			isa = PBXResourcesBuildPhase;
			buildActionMask = 2147483647;
			files = (
				5C20201A2B90CF07001E72B6 /* Preview Assets.xcassets in Resources */,
				5C2020172B90CF07001E72B6 /* Assets.xcassets in Resources */,
			);
			runOnlyForDeploymentPostprocessing = 0;
		};
/* End PBXResourcesBuildPhase section */

/* Begin PBXSourcesBuildPhase section */
		5C20200B2B90CF06001E72B6 /* Sources */ = {
			isa = PBXSourcesBuildPhase;
			buildActionMask = 2147483647;
			files = (
				5C4E1E2B2B9B502D00BBF09B /* addfileview.swift in Sources */,
				64B93B712BA60FAF00569949 /* startsreen.swift in Sources */,
				5CC396CD2B93517C00A1CBA4 /* Fachkachel.swift in Sources */,
				5CC396D32B960AC100A1CBA4 /* Wrapper.swift in Sources */,
				643C0C212B935F7E00FCAE93 /* File.swift in Sources */,
				5C2020152B90CF06001E72B6 /* ContentView.swift in Sources */,
				64B93B7B2BA86DC800569949 /* addschuljarviwe.swift in Sources */,
				64B93B732BA6118200569949 /* schuljahr.swift in Sources */,
				5CC396D52B960B6A00A1CBA4 /* FachView.swift in Sources */,
				5C0B04C72B98EE20007D887C /* Notenkasten.swift in Sources */,
				5C2020132B90CF06001E72B6 /* Grades_v4App.swift in Sources */,
			);
			runOnlyForDeploymentPostprocessing = 0;
		};
/* End PBXSourcesBuildPhase section */

/* Begin XCBuildConfiguration section */
		5C20201B2B90CF07001E72B6 /* Debug */ = {
			isa = XCBuildConfiguration;
			buildSettings = {
				ALWAYS_SEARCH_USER_PATHS = NO;
				CLANG_ANALYZER_NONNULL = YES;
				CLANG_ANALYZER_NUMBER_OBJECT_CONVERSION = YES_AGGRESSIVE;
				CLANG_CXX_LANGUAGE_STANDARD = "gnu++20";
				CLANG_ENABLE_MODULES = YES;
				CLANG_ENABLE_OBJC_ARC = YES;
				CLANG_ENABLE_OBJC_WEAK = YES;
				CLANG_WARN_BLOCK_CAPTURE_AUTORELEASING = YES;
				CLANG_WARN_BOOL_CONVERSION = YES;
				CLANG_WARN_COMMA = YES;
				CLANG_WARN_CONSTANT_CONVERSION = YES;
				CLANG_WARN_DEPRECATED_OBJC_IMPLEMENTATIONS = YES;
				CLANG_WARN_DIRECT_OBJC_ISA_USAGE = YES_ERROR;
				CLANG_WARN_DOCUMENTATION_COMMENTS = YES;
				CLANG_WARN_EMPTY_BODY = YES;
				CLANG_WARN_ENUM_CONVERSION = YES;
				CLANG_WARN_INFINITE_RECURSION = YES;
				CLANG_WARN_INT_CONVERSION = YES;
				CLANG_WARN_NON_LITERAL_NULL_CONVERSION = YES;
				CLANG_WARN_OBJC_IMPLICIT_RETAIN_SELF = YES;
				CLANG_WARN_OBJC_LITERAL_CONVERSION = YES;
				CLANG_WARN_OBJC_ROOT_CLASS = YES_ERROR;
				CLANG_WARN_QUOTED_INCLUDE_IN_FRAMEWORK_HEADER = YES;
				CLANG_WARN_RANGE_LOOP_ANALYSIS = YES;
				CLANG_WARN_STRICT_PROTOTYPES = YES;
				CLANG_WARN_SUSPICIOUS_MOVE = YES;
				CLANG_WARN_UNGUARDED_AVAILABILITY = YES_AGGRESSIVE;
				CLANG_WARN_UNREACHABLE_CODE = YES;
				CLANG_WARN__DUPLICATE_METHOD_MATCH = YES;
				COPY_PHASE_STRIP = NO;
				DEBUG_INFORMATION_FORMAT = dwarf;
				ENABLE_STRICT_OBJC_MSGSEND = YES;
				ENABLE_TESTABILITY = YES;
				GCC_C_LANGUAGE_STANDARD = gnu11;
				GCC_DYNAMIC_NO_PIC = NO;
				GCC_NO_COMMON_BLOCKS = YES;
				GCC_OPTIMIZATION_LEVEL = 0;
				GCC_PREPROCESSOR_DEFINITIONS = (
					"DEBUG=1",
					"$(inherited)",
				);
				GCC_WARN_64_TO_32_BIT_CONVERSION = YES;
				GCC_WARN_ABOUT_RETURN_TYPE = YES_ERROR;
				GCC_WARN_UNDECLARED_SELECTOR = YES;
				GCC_WARN_UNINITIALIZED_AUTOS = YES_AGGRESSIVE;
				GCC_WARN_UNUSED_FUNCTION = YES;
				GCC_WARN_UNUSED_VARIABLE = YES;
				IPHONEOS_DEPLOYMENT_TARGET = 16.4;
				MTL_ENABLE_DEBUG_INFO = INCLUDE_SOURCE;
				MTL_FAST_MATH = YES;
				ONLY_ACTIVE_ARCH = YES;
				SDKROOT = iphoneos;
				SWIFT_ACTIVE_COMPILATION_CONDITIONS = DEBUG;
				SWIFT_OPTIMIZATION_LEVEL = "-Onone";
			};
			name = Debug;
		};
		5C20201C2B90CF07001E72B6 /* Release */ = {
			isa = XCBuildConfiguration;
			buildSettings = {
				ALWAYS_SEARCH_USER_PATHS = NO;
				CLANG_ANALYZER_NONNULL = YES;
				CLANG_ANALYZER_NUMBER_OBJECT_CONVERSION = YES_AGGRESSIVE;
				CLANG_CXX_LANGUAGE_STANDARD = "gnu++20";
				CLANG_ENABLE_MODULES = YES;
				CLANG_ENABLE_OBJC_ARC = YES;
				CLANG_ENABLE_OBJC_WEAK = YES;
				CLANG_WARN_BLOCK_CAPTURE_AUTORELEASING = YES;
				CLANG_WARN_BOOL_CONVERSION = YES;
				CLANG_WARN_COMMA = YES;
				CLANG_WARN_CONSTANT_CONVERSION = YES;
				CLANG_WARN_DEPRECATED_OBJC_IMPLEMENTATIONS = YES;
				CLANG_WARN_DIRECT_OBJC_ISA_USAGE = YES_ERROR;
				CLANG_WARN_DOCUMENTATION_COMMENTS = YES;
				CLANG_WARN_EMPTY_BODY = YES;
				CLANG_WARN_ENUM_CONVERSION = YES;
				CLANG_WARN_INFINITE_RECURSION = YES;
				CLANG_WARN_INT_CONVERSION = YES;
				CLANG_WARN_NON_LITERAL_NULL_CONVERSION = YES;
				CLANG_WARN_OBJC_IMPLICIT_RETAIN_SELF = YES;
				CLANG_WARN_OBJC_LITERAL_CONVERSION = YES;
				CLANG_WARN_OBJC_ROOT_CLASS = YES_ERROR;
				CLANG_WARN_QUOTED_INCLUDE_IN_FRAMEWORK_HEADER = YES;
				CLANG_WARN_RANGE_LOOP_ANALYSIS = YES;
				CLANG_WARN_STRICT_PROTOTYPES = YES;
				CLANG_WARN_SUSPICIOUS_MOVE = YES;
				CLANG_WARN_UNGUARDED_AVAILABILITY = YES_AGGRESSIVE;
				CLANG_WARN_UNREACHABLE_CODE = YES;
				CLANG_WARN__DUPLICATE_METHOD_MATCH = YES;
				COPY_PHASE_STRIP = NO;
				DEBUG_INFORMATION_FORMAT = "dwarf-with-dsym";
				ENABLE_NS_ASSERTIONS = NO;
				ENABLE_STRICT_OBJC_MSGSEND = YES;
				GCC_C_LANGUAGE_STANDARD = gnu11;
				GCC_NO_COMMON_BLOCKS = YES;
				GCC_WARN_64_TO_32_BIT_CONVERSION = YES;
				GCC_WARN_ABOUT_RETURN_TYPE = YES_ERROR;
				GCC_WARN_UNDECLARED_SELECTOR = YES;
				GCC_WARN_UNINITIALIZED_AUTOS = YES_AGGRESSIVE;
				GCC_WARN_UNUSED_FUNCTION = YES;
				GCC_WARN_UNUSED_VARIABLE = YES;
				IPHONEOS_DEPLOYMENT_TARGET = 16.4;
				MTL_ENABLE_DEBUG_INFO = NO;
				MTL_FAST_MATH = YES;
				SDKROOT = iphoneos;
				SWIFT_COMPILATION_MODE = wholemodule;
				SWIFT_OPTIMIZATION_LEVEL = "-O";
				VALIDATE_PRODUCT = YES;
			};
			name = Release;
		};
		5C20201E2B90CF07001E72B6 /* Debug */ = {
			isa = XCBuildConfiguration;
			buildSettings = {
				ASSETCATALOG_COMPILER_APPICON_NAME = AppIcon;
				ASSETCATALOG_COMPILER_GLOBAL_ACCENT_COLOR_NAME = AccentColor;
				CODE_SIGN_STYLE = Automatic;
				CURRENT_PROJECT_VERSION = 1;
				DEVELOPMENT_ASSET_PATHS = "\"Grades_v4/Preview Content\"";
				DEVELOPMENT_TEAM = 68B6N243ZP;
				ENABLE_PREVIEWS = YES;
				GENERATE_INFOPLIST_FILE = YES;
				INFOPLIST_KEY_UIApplicationSceneManifest_Generation = YES;
				INFOPLIST_KEY_UIApplicationSupportsIndirectInputEvents = YES;
				INFOPLIST_KEY_UILaunchScreen_Generation = YES;
				INFOPLIST_KEY_UISupportedInterfaceOrientations_iPad = "UIInterfaceOrientationPortrait UIInterfaceOrientationPortraitUpsideDown UIInterfaceOrientationLandscapeLeft UIInterfaceOrientationLandscapeRight";
				INFOPLIST_KEY_UISupportedInterfaceOrientations_iPhone = "UIInterfaceOrientationPortrait UIInterfaceOrientationLandscapeLeft UIInterfaceOrientationLandscapeRight";
				LD_RUNPATH_SEARCH_PATHS = (
					"$(inherited)",
					"@executable_path/Frameworks",
				);
				MARKETING_VERSION = 1.0;
				PRODUCT_BUNDLE_IDENTIFIER = "Learn.Grades-v4";
				PRODUCT_NAME = "$(TARGET_NAME)";
				SWIFT_EMIT_LOC_STRINGS = YES;
				SWIFT_VERSION = 5.0;
				TARGETED_DEVICE_FAMILY = "1,2";
			};
			name = Debug;
		};
		5C20201F2B90CF07001E72B6 /* Release */ = {
			isa = XCBuildConfiguration;
			buildSettings = {
				ASSETCATALOG_COMPILER_APPICON_NAME = AppIcon;
				ASSETCATALOG_COMPILER_GLOBAL_ACCENT_COLOR_NAME = AccentColor;
				CODE_SIGN_STYLE = Automatic;
				CURRENT_PROJECT_VERSION = 1;
				DEVELOPMENT_ASSET_PATHS = "\"Grades_v4/Preview Content\"";
				DEVELOPMENT_TEAM = 68B6N243ZP;
				ENABLE_PREVIEWS = YES;
				GENERATE_INFOPLIST_FILE = YES;
				INFOPLIST_KEY_UIApplicationSceneManifest_Generation = YES;
				INFOPLIST_KEY_UIApplicationSupportsIndirectInputEvents = YES;
				INFOPLIST_KEY_UILaunchScreen_Generation = YES;
				INFOPLIST_KEY_UISupportedInterfaceOrientations_iPad = "UIInterfaceOrientationPortrait UIInterfaceOrientationPortraitUpsideDown UIInterfaceOrientationLandscapeLeft UIInterfaceOrientationLandscapeRight";
				INFOPLIST_KEY_UISupportedInterfaceOrientations_iPhone = "UIInterfaceOrientationPortrait UIInterfaceOrientationLandscapeLeft UIInterfaceOrientationLandscapeRight";
				LD_RUNPATH_SEARCH_PATHS = (
					"$(inherited)",
					"@executable_path/Frameworks",
				);
				MARKETING_VERSION = 1.0;
				PRODUCT_BUNDLE_IDENTIFIER = "Learn.Grades-v4";
				PRODUCT_NAME = "$(TARGET_NAME)";
				SWIFT_EMIT_LOC_STRINGS = YES;
				SWIFT_VERSION = 5.0;
				TARGETED_DEVICE_FAMILY = "1,2";
			};
			name = Release;
		};
/* End XCBuildConfiguration section */

/* Begin XCConfigurationList section */
		5C20200A2B90CF06001E72B6 /* Build configuration list for PBXProject "Grades_v4" */ = {
			isa = XCConfigurationList;
			buildConfigurations = (
				5C20201B2B90CF07001E72B6 /* Debug */,
				5C20201C2B90CF07001E72B6 /* Release */,
			);
			defaultConfigurationIsVisible = 0;
			defaultConfigurationName = Release;
		};
		5C20201D2B90CF07001E72B6 /* Build configuration list for PBXNativeTarget "Grades_v4" */ = {
			isa = XCConfigurationList;
			buildConfigurations = (
				5C20201E2B90CF07001E72B6 /* Debug */,
				5C20201F2B90CF07001E72B6 /* Release */,
			);
			defaultConfigurationIsVisible = 0;
			defaultConfigurationName = Release;
		};
/* End XCConfigurationList section */
	};
	rootObject = 5C2020072B90CF06001E72B6 /* Project object */;
}
